// !$*UTF8*$!
{
	archiveVersion = 1;
	classes = {
	};
	objectVersion = 46;
	objects = {

/* Begin PBXBuildFile section */
		1C2B55061BB1E74A00653EF2 /* Weather.m in Sources */ = {isa = PBXBuildFile; fileRef = 1C2B55051BB1E74A00653EF2 /* Weather.m */; };
		1C2B55091BB1E77A00653EF2 /* City.m in Sources */ = {isa = PBXBuildFile; fileRef = 1C2B55081BB1E77A00653EF2 /* City.m */; };
		1C2B550C1BB1EA3300653EF2 /* Forecast.m in Sources */ = {isa = PBXBuildFile; fileRef = 1C2B550B1BB1EA3300653EF2 /* Forecast.m */; };
		1C2B550F1BB1EA5200653EF2 /* Temperature.m in Sources */ = {isa = PBXBuildFile; fileRef = 1C2B550E1BB1EA5200653EF2 /* Temperature.m */; };
		1C72BD701BB082AF00D2E92E /* main.m in Sources */ = {isa = PBXBuildFile; fileRef = 1C72BD6F1BB082AF00D2E92E /* main.m */; };
		1C72BD731BB082AF00D2E92E /* AppDelegate.m in Sources */ = {isa = PBXBuildFile; fileRef = 1C72BD721BB082AF00D2E92E /* AppDelegate.m */; };
		1C72BD761BB082AF00D2E92E /* ViewController.m in Sources */ = {isa = PBXBuildFile; fileRef = 1C72BD751BB082AF00D2E92E /* ViewController.m */; };
		1C72BD791BB082AF00D2E92E /* Main.storyboard in Resources */ = {isa = PBXBuildFile; fileRef = 1C72BD771BB082AF00D2E92E /* Main.storyboard */; };
		1C72BD7B1BB082AF00D2E92E /* Images.xcassets in Resources */ = {isa = PBXBuildFile; fileRef = 1C72BD7A1BB082AF00D2E92E /* Images.xcassets */; };
		1C72BD7E1BB082AF00D2E92E /* LaunchScreen.xib in Resources */ = {isa = PBXBuildFile; fileRef = 1C72BD7C1BB082AF00D2E92E /* LaunchScreen.xib */; };
		1C72BD8A1BB082AF00D2E92E /* OpenWeatherAPIDemoTests.m in Sources */ = {isa = PBXBuildFile; fileRef = 1C72BD891BB082AF00D2E92E /* OpenWeatherAPIDemoTests.m */; };
		1C72BD951BB0860800D2E92E /* ForeCastViewController.m in Sources */ = {isa = PBXBuildFile; fileRef = 1C72BD941BB0860800D2E92E /* ForeCastViewController.m */; };
		1C72BD991BB08AAC00D2E92E /* NetworkManager.m in Sources */ = {isa = PBXBuildFile; fileRef = 1C72BD981BB08AAC00D2E92E /* NetworkManager.m */; };
		1C72BD9D1BB08B0700D2E92E /* OWMParser.m in Sources */ = {isa = PBXBuildFile; fileRef = 1C72BD9C1BB08B0700D2E92E /* OWMParser.m */; };
/* End PBXBuildFile section */

/* Begin PBXContainerItemProxy section */
		1C72BD841BB082AF00D2E92E /* PBXContainerItemProxy */ = {
			isa = PBXContainerItemProxy;
			containerPortal = 1C72BD621BB082AF00D2E92E /* Project object */;
			proxyType = 1;
			remoteGlobalIDString = 1C72BD691BB082AF00D2E92E;
			remoteInfo = OpenWeatherAPIDemo;
		};
/* End PBXContainerItemProxy section */

/* Begin PBXFileReference section */
		1C2B55041BB1E74A00653EF2 /* Weather.h */ = {isa = PBXFileReference; fileEncoding = 4; lastKnownFileType = sourcecode.c.h; name = Weather.h; path = WeatherClasses/Weather.h; sourceTree = "<group>"; };
		1C2B55051BB1E74A00653EF2 /* Weather.m */ = {isa = PBXFileReference; fileEncoding = 4; lastKnownFileType = sourcecode.c.objc; name = Weather.m; path = WeatherClasses/Weather.m; sourceTree = "<group>"; };
		1C2B55071BB1E77A00653EF2 /* City.h */ = {isa = PBXFileReference; fileEncoding = 4; lastKnownFileType = sourcecode.c.h; name = City.h; path = WeatherClasses/City.h; sourceTree = "<group>"; };
		1C2B55081BB1E77A00653EF2 /* City.m */ = {isa = PBXFileReference; fileEncoding = 4; lastKnownFileType = sourcecode.c.objc; name = City.m; path = WeatherClasses/City.m; sourceTree = "<group>"; };
		1C2B550A1BB1EA3300653EF2 /* Forecast.h */ = {isa = PBXFileReference; fileEncoding = 4; lastKnownFileType = sourcecode.c.h; name = Forecast.h; path = WeatherClasses/Forecast.h; sourceTree = "<group>"; };
		1C2B550B1BB1EA3300653EF2 /* Forecast.m */ = {isa = PBXFileReference; fileEncoding = 4; lastKnownFileType = sourcecode.c.objc; name = Forecast.m; path = WeatherClasses/Forecast.m; sourceTree = "<group>"; };
		1C2B550D1BB1EA5200653EF2 /* Temperature.h */ = {isa = PBXFileReference; fileEncoding = 4; lastKnownFileType = sourcecode.c.h; name = Temperature.h; path = WeatherClasses/Temperature.h; sourceTree = "<group>"; };
		1C2B550E1BB1EA5200653EF2 /* Temperature.m */ = {isa = PBXFileReference; fileEncoding = 4; lastKnownFileType = sourcecode.c.objc; name = Temperature.m; path = WeatherClasses/Temperature.m; sourceTree = "<group>"; };
		1C72BD6A1BB082AF00D2E92E /* OpenWeatherAPIDemo.app */ = {isa = PBXFileReference; explicitFileType = wrapper.application; includeInIndex = 0; path = OpenWeatherAPIDemo.app; sourceTree = BUILT_PRODUCTS_DIR; };
		1C72BD6E1BB082AF00D2E92E /* Info.plist */ = {isa = PBXFileReference; lastKnownFileType = text.plist.xml; path = Info.plist; sourceTree = "<group>"; };
		1C72BD6F1BB082AF00D2E92E /* main.m */ = {isa = PBXFileReference; lastKnownFileType = sourcecode.c.objc; path = main.m; sourceTree = "<group>"; };
		1C72BD711BB082AF00D2E92E /* AppDelegate.h */ = {isa = PBXFileReference; lastKnownFileType = sourcecode.c.h; path = AppDelegate.h; sourceTree = "<group>"; };
		1C72BD721BB082AF00D2E92E /* AppDelegate.m */ = {isa = PBXFileReference; lastKnownFileType = sourcecode.c.objc; path = AppDelegate.m; sourceTree = "<group>"; };
		1C72BD741BB082AF00D2E92E /* ViewController.h */ = {isa = PBXFileReference; lastKnownFileType = sourcecode.c.h; path = ViewController.h; sourceTree = "<group>"; };
		1C72BD751BB082AF00D2E92E /* ViewController.m */ = {isa = PBXFileReference; lastKnownFileType = sourcecode.c.objc; path = ViewController.m; sourceTree = "<group>"; };
		1C72BD781BB082AF00D2E92E /* Base */ = {isa = PBXFileReference; lastKnownFileType = file.storyboard; name = Base; path = Base.lproj/Main.storyboard; sourceTree = "<group>"; };
		1C72BD7A1BB082AF00D2E92E /* Images.xcassets */ = {isa = PBXFileReference; lastKnownFileType = folder.assetcatalog; path = Images.xcassets; sourceTree = "<group>"; };
		1C72BD7D1BB082AF00D2E92E /* Base */ = {isa = PBXFileReference; lastKnownFileType = file.xib; name = Base; path = Base.lproj/LaunchScreen.xib; sourceTree = "<group>"; };
		1C72BD831BB082AF00D2E92E /* OpenWeatherAPIDemoTests.xctest */ = {isa = PBXFileReference; explicitFileType = wrapper.cfbundle; includeInIndex = 0; path = OpenWeatherAPIDemoTests.xctest; sourceTree = BUILT_PRODUCTS_DIR; };
		1C72BD881BB082AF00D2E92E /* Info.plist */ = {isa = PBXFileReference; lastKnownFileType = text.plist.xml; path = Info.plist; sourceTree = "<group>"; };
		1C72BD891BB082AF00D2E92E /* OpenWeatherAPIDemoTests.m */ = {isa = PBXFileReference; lastKnownFileType = sourcecode.c.objc; path = OpenWeatherAPIDemoTests.m; sourceTree = "<group>"; };
		1C72BD931BB0860800D2E92E /* ForeCastViewController.h */ = {isa = PBXFileReference; fileEncoding = 4; lastKnownFileType = sourcecode.c.h; path = ForeCastViewController.h; sourceTree = "<group>"; };
		1C72BD941BB0860800D2E92E /* ForeCastViewController.m */ = {isa = PBXFileReference; fileEncoding = 4; lastKnownFileType = sourcecode.c.objc; path = ForeCastViewController.m; sourceTree = "<group>"; };
		1C72BD971BB08AAC00D2E92E /* NetworkManager.h */ = {isa = PBXFileReference; fileEncoding = 4; lastKnownFileType = sourcecode.c.h; name = NetworkManager.h; path = NetworkManager/NetworkManager.h; sourceTree = "<group>"; };
		1C72BD981BB08AAC00D2E92E /* NetworkManager.m */ = {isa = PBXFileReference; fileEncoding = 4; lastKnownFileType = sourcecode.c.objc; name = NetworkManager.m; path = NetworkManager/NetworkManager.m; sourceTree = "<group>"; };
		1C72BD9B1BB08B0700D2E92E /* OWMParser.h */ = {isa = PBXFileReference; fileEncoding = 4; lastKnownFileType = sourcecode.c.h; name = OWMParser.h; path = OWMParser/OWMParser.h; sourceTree = "<group>"; };
		1C72BD9C1BB08B0700D2E92E /* OWMParser.m */ = {isa = PBXFileReference; fileEncoding = 4; lastKnownFileType = sourcecode.c.objc; name = OWMParser.m; path = OWMParser/OWMParser.m; sourceTree = "<group>"; };
/* End PBXFileReference section */

/* Begin PBXFrameworksBuildPhase section */
		1C72BD671BB082AF00D2E92E /* Frameworks */ = {
			isa = PBXFrameworksBuildPhase;
			buildActionMask = 2147483647;
			files = (
			);
			runOnlyForDeploymentPostprocessing = 0;
		};
		1C72BD801BB082AF00D2E92E /* Frameworks */ = {
			isa = PBXFrameworksBuildPhase;
			buildActionMask = 2147483647;
			files = (
			);
			runOnlyForDeploymentPostprocessing = 0;
		};
/* End PBXFrameworksBuildPhase section */

/* Begin PBXGroup section */
		1C2B55031BB1E71D00653EF2 /* WeatherClasses */ = {
			isa = PBXGroup;
			children = (
				1C2B55041BB1E74A00653EF2 /* Weather.h */,
				1C2B55051BB1E74A00653EF2 /* Weather.m */,
				1C2B55071BB1E77A00653EF2 /* City.h */,
				1C2B55081BB1E77A00653EF2 /* City.m */,
				1C2B550A1BB1EA3300653EF2 /* Forecast.h */,
				1C2B550B1BB1EA3300653EF2 /* Forecast.m */,
				1C2B550D1BB1EA5200653EF2 /* Temperature.h */,
				1C2B550E1BB1EA5200653EF2 /* Temperature.m */,
			);
			name = WeatherClasses;
			sourceTree = "<group>";
		};
		1C72BD611BB082AF00D2E92E = {
			isa = PBXGroup;
			children = (
				1C72BD6C1BB082AF00D2E92E /* OpenWeatherAPIDemo */,
				1C72BD861BB082AF00D2E92E /* OpenWeatherAPIDemoTests */,
				1C72BD6B1BB082AF00D2E92E /* Products */,
			);
			sourceTree = "<group>";
		};
		1C72BD6B1BB082AF00D2E92E /* Products */ = {
			isa = PBXGroup;
			children = (
				1C72BD6A1BB082AF00D2E92E /* OpenWeatherAPIDemo.app */,
				1C72BD831BB082AF00D2E92E /* OpenWeatherAPIDemoTests.xctest */,
			);
			name = Products;
			sourceTree = "<group>";
		};
		1C72BD6C1BB082AF00D2E92E /* OpenWeatherAPIDemo */ = {
			isa = PBXGroup;
			children = (
				1C72BD711BB082AF00D2E92E /* AppDelegate.h */,
				1C72BD721BB082AF00D2E92E /* AppDelegate.m */,
				1C72BD741BB082AF00D2E92E /* ViewController.h */,
				1C72BD751BB082AF00D2E92E /* ViewController.m */,
				1C72BD931BB0860800D2E92E /* ForeCastViewController.h */,
				1C72BD941BB0860800D2E92E /* ForeCastViewController.m */,
				1C72BD771BB082AF00D2E92E /* Main.storyboard */,
				1C2B55031BB1E71D00653EF2 /* WeatherClasses */,
				1C72BD961BB08A8D00D2E92E /* NetworkManager */,
				1C72BD9A1BB08AEB00D2E92E /* OWMParser */,
				1C72BD7A1BB082AF00D2E92E /* Images.xcassets */,
				1C72BD7C1BB082AF00D2E92E /* LaunchScreen.xib */,
				1C72BD6D1BB082AF00D2E92E /* Supporting Files */,
			);
			path = OpenWeatherAPIDemo;
			sourceTree = "<group>";
		};
		1C72BD6D1BB082AF00D2E92E /* Supporting Files */ = {
			isa = PBXGroup;
			children = (
				1C72BD6E1BB082AF00D2E92E /* Info.plist */,
				1C72BD6F1BB082AF00D2E92E /* main.m */,
			);
			name = "Supporting Files";
			sourceTree = "<group>";
		};
		1C72BD861BB082AF00D2E92E /* OpenWeatherAPIDemoTests */ = {
			isa = PBXGroup;
			children = (
				1C72BD891BB082AF00D2E92E /* OpenWeatherAPIDemoTests.m */,
				1C72BD871BB082AF00D2E92E /* Supporting Files */,
			);
			path = OpenWeatherAPIDemoTests;
			sourceTree = "<group>";
		};
		1C72BD871BB082AF00D2E92E /* Supporting Files */ = {
			isa = PBXGroup;
			children = (
				1C72BD881BB082AF00D2E92E /* Info.plist */,
			);
			name = "Supporting Files";
			sourceTree = "<group>";
		};
		1C72BD961BB08A8D00D2E92E /* NetworkManager */ = {
			isa = PBXGroup;
			children = (
				1C72BD971BB08AAC00D2E92E /* NetworkManager.h */,
				1C72BD981BB08AAC00D2E92E /* NetworkManager.m */,
			);
			name = NetworkManager;
			sourceTree = "<group>";
		};
		1C72BD9A1BB08AEB00D2E92E /* OWMParser */ = {
			isa = PBXGroup;
			children = (
				1C72BD9B1BB08B0700D2E92E /* OWMParser.h */,
				1C72BD9C1BB08B0700D2E92E /* OWMParser.m */,
			);
			name = OWMParser;
			sourceTree = "<group>";
		};
/* End PBXGroup section */

/* Begin PBXNativeTarget section */
		1C72BD691BB082AF00D2E92E /* OpenWeatherAPIDemo */ = {
			isa = PBXNativeTarget;
			buildConfigurationList = 1C72BD8D1BB082AF00D2E92E /* Build configuration list for PBXNativeTarget "OpenWeatherAPIDemo" */;
			buildPhases = (
				1C72BD661BB082AF00D2E92E /* Sources */,
				1C72BD671BB082AF00D2E92E /* Frameworks */,
				1C72BD681BB082AF00D2E92E /* Resources */,
			);
			buildRules = (
			);
			dependencies = (
			);
			name = OpenWeatherAPIDemo;
			productName = OpenWeatherAPIDemo;
			productReference = 1C72BD6A1BB082AF00D2E92E /* OpenWeatherAPIDemo.app */;
			productType = "com.apple.product-type.application";
		};
		1C72BD821BB082AF00D2E92E /* OpenWeatherAPIDemoTests */ = {
			isa = PBXNativeTarget;
			buildConfigurationList = 1C72BD901BB082AF00D2E92E /* Build configuration list for PBXNativeTarget "OpenWeatherAPIDemoTests" */;
			buildPhases = (
				1C72BD7F1BB082AF00D2E92E /* Sources */,
				1C72BD801BB082AF00D2E92E /* Frameworks */,
				1C72BD811BB082AF00D2E92E /* Resources */,
			);
			buildRules = (
			);
			dependencies = (
				1C72BD851BB082AF00D2E92E /* PBXTargetDependency */,
			);
			name = OpenWeatherAPIDemoTests;
			productName = OpenWeatherAPIDemoTests;
			productReference = 1C72BD831BB082AF00D2E92E /* OpenWeatherAPIDemoTests.xctest */;
			productType = "com.apple.product-type.bundle.unit-test";
		};
/* End PBXNativeTarget section */

/* Begin PBXProject section */
		1C72BD621BB082AF00D2E92E /* Project object */ = {
			isa = PBXProject;
			attributes = {
				LastUpgradeCheck = 0640;
				ORGANIZATIONNAME = Rohan;
				TargetAttributes = {
					1C72BD691BB082AF00D2E92E = {
						CreatedOnToolsVersion = 6.4;
					};
					1C72BD821BB082AF00D2E92E = {
						CreatedOnToolsVersion = 6.4;
						TestTargetID = 1C72BD691BB082AF00D2E92E;
					};
				};
			};
			buildConfigurationList = 1C72BD651BB082AF00D2E92E /* Build configuration list for PBXProject "OpenWeatherAPIDemo" */;
			compatibilityVersion = "Xcode 3.2";
			developmentRegion = English;
			hasScannedForEncodings = 0;
			knownRegions = (
				en,
				Base,
			);
			mainGroup = 1C72BD611BB082AF00D2E92E;
			productRefGroup = 1C72BD6B1BB082AF00D2E92E /* Products */;
			projectDirPath = "";
			projectRoot = "";
			targets = (
				1C72BD691BB082AF00D2E92E /* OpenWeatherAPIDemo */,
				1C72BD821BB082AF00D2E92E /* OpenWeatherAPIDemoTests */,
			);
		};
/* End PBXProject section */

/* Begin PBXResourcesBuildPhase section */
		1C72BD681BB082AF00D2E92E /* Resources */ = {
			isa = PBXResourcesBuildPhase;
			buildActionMask = 2147483647;
			files = (
				1C72BD791BB082AF00D2E92E /* Main.storyboard in Resources */,
				1C72BD7E1BB082AF00D2E92E /* LaunchScreen.xib in Resources */,
				1C72BD7B1BB082AF00D2E92E /* Images.xcassets in Resources */,
			);
			runOnlyForDeploymentPostprocessing = 0;
		};
		1C72BD811BB082AF00D2E92E /* Resources */ = {
			isa = PBXResourcesBuildPhase;
			buildActionMask = 2147483647;
			files = (
			);
			runOnlyForDeploymentPostprocessing = 0;
		};
/* End PBXResourcesBuildPhase section */

/* Begin PBXSourcesBuildPhase section */
		1C72BD661BB082AF00D2E92E /* Sources */ = {
			isa = PBXSourcesBuildPhase;
			buildActionMask = 2147483647;
			files = (
				1C2B550F1BB1EA5200653EF2 /* Temperature.m in Sources */,
				1C72BD761BB082AF00D2E92E /* ViewController.m in Sources */,
				1C72BD951BB0860800D2E92E /* ForeCastViewController.m in Sources */,
				1C2B55091BB1E77A00653EF2 /* City.m in Sources */,
				1C2B55061BB1E74A00653EF2 /* Weather.m in Sources */,
				1C72BD9D1BB08B0700D2E92E /* OWMParser.m in Sources */,
				1C72BD731BB082AF00D2E92E /* AppDelegate.m in Sources */,
				1C2B550C1BB1EA3300653EF2 /* Forecast.m in Sources */,
				1C72BD991BB08AAC00D2E92E /* NetworkManager.m in Sources */,
				1C72BD701BB082AF00D2E92E /* main.m in Sources */,
			);
			runOnlyForDeploymentPostprocessing = 0;
		};
		1C72BD7F1BB082AF00D2E92E /* Sources */ = {
			isa = PBXSourcesBuildPhase;
			buildActionMask = 2147483647;
			files = (
				1C72BD8A1BB082AF00D2E92E /* OpenWeatherAPIDemoTests.m in Sources */,
			);
			runOnlyForDeploymentPostprocessing = 0;
		};
/* End PBXSourcesBuildPhase section */

/* Begin PBXTargetDependency section */
		1C72BD851BB082AF00D2E92E /* PBXTargetDependency */ = {
			isa = PBXTargetDependency;
			target = 1C72BD691BB082AF00D2E92E /* OpenWeatherAPIDemo */;
			targetProxy = 1C72BD841BB082AF00D2E92E /* PBXContainerItemProxy */;
		};
/* End PBXTargetDependency section */

/* Begin PBXVariantGroup section */
		1C72BD771BB082AF00D2E92E /* Main.storyboard */ = {
			isa = PBXVariantGroup;
			children = (
				1C72BD781BB082AF00D2E92E /* Base */,
			);
			name = Main.storyboard;
			sourceTree = "<group>";
		};
		1C72BD7C1BB082AF00D2E92E /* LaunchScreen.xib */ = {
			isa = PBXVariantGroup;
			children = (
				1C72BD7D1BB082AF00D2E92E /* Base */,
			);
			name = LaunchScreen.xib;
			sourceTree = "<group>";
		};
/* End PBXVariantGroup section */

/* Begin XCBuildConfiguration section */
		1C72BD8B1BB082AF00D2E92E /* Debug */ = {
			isa = XCBuildConfiguration;
			buildSettings = {
				ALWAYS_SEARCH_USER_PATHS = NO;
				CLANG_CXX_LANGUAGE_STANDARD = "gnu++0x";
				CLANG_CXX_LIBRARY = "libc++";
				CLANG_ENABLE_MODULES = YES;
				CLANG_ENABLE_OBJC_ARC = YES;
				CLANG_WARN_BOOL_CONVERSION = YES;
				CLANG_WARN_CONSTANT_CONVERSION = YES;
				CLANG_WARN_DIRECT_OBJC_ISA_USAGE = YES_ERROR;
				CLANG_WARN_EMPTY_BODY = YES;
				CLANG_WARN_ENUM_CONVERSION = YES;
				CLANG_WARN_INT_CONVERSION = YES;
				CLANG_WARN_OBJC_ROOT_CLASS = YES_ERROR;
				CLANG_WARN_UNREACHABLE_CODE = YES;
				CLANG_WARN__DUPLICATE_METHOD_MATCH = YES;
				"CODE_SIGN_IDENTITY[sdk=iphoneos*]" = "iPhone Developer";
				COPY_PHASE_STRIP = NO;
				DEBUG_INFORMATION_FORMAT = "dwarf-with-dsym";
				ENABLE_STRICT_OBJC_MSGSEND = YES;
				GCC_C_LANGUAGE_STANDARD = gnu99;
				GCC_DYNAMIC_NO_PIC = NO;
				GCC_NO_COMMON_BLOCKS = YES;
				GCC_OPTIMIZATION_LEVEL = 0;
				GCC_PREPROCESSOR_DEFINITIONS = (
					"DEBUG=1",
					"$(inherited)",
				);
				GCC_SYMBOLS_PRIVATE_EXTERN = NO;
				GCC_WARN_64_TO_32_BIT_CONVERSION = YES;
				GCC_WARN_ABOUT_RETURN_TYPE = YES_ERROR;
				GCC_WARN_UNDECLARED_SELECTOR = YES;
				GCC_WARN_UNINITIALIZED_AUTOS = YES_AGGRESSIVE;
				GCC_WARN_UNUSED_FUNCTION = YES;
				GCC_WARN_UNUSED_VARIABLE = YES;
				IPHONEOS_DEPLOYMENT_TARGET = 8.4;
				MTL_ENABLE_DEBUG_INFO = YES;
				ONLY_ACTIVE_ARCH = YES;
				SDKROOT = iphoneos;
			};
			name = Debug;
		};
		1C72BD8C1BB082AF00D2E92E /* Release */ = {
			isa = XCBuildConfiguration;
			buildSettings = {
				ALWAYS_SEARCH_USER_PATHS = NO;
				CLANG_CXX_LANGUAGE_STANDARD = "gnu++0x";
				CLANG_CXX_LIBRARY = "libc++";
				CLANG_ENABLE_MODULES = YES;
				CLANG_ENABLE_OBJC_ARC = YES;
				CLANG_WARN_BOOL_CONVERSION = YES;
				CLANG_WARN_CONSTANT_CONVERSION = YES;
				CLANG_WARN_DIRECT_OBJC_ISA_USAGE = YES_ERROR;
				CLANG_WARN_EMPTY_BODY = YES;
				CLANG_WARN_ENUM_CONVERSION = YES;
				CLANG_WARN_INT_CONVERSION = YES;
				CLANG_WARN_OBJC_ROOT_CLASS = YES_ERROR;
				CLANG_WARN_UNREACHABLE_CODE = YES;
				CLANG_WARN__DUPLICATE_METHOD_MATCH = YES;
				"CODE_SIGN_IDENTITY[sdk=iphoneos*]" = "iPhone Developer";
				COPY_PHASE_STRIP = NO;
				DEBUG_INFORMATION_FORMAT = "dwarf-with-dsym";
				ENABLE_NS_ASSERTIONS = NO;
				ENABLE_STRICT_OBJC_MSGSEND = YES;
				GCC_C_LANGUAGE_STANDARD = gnu99;
				GCC_NO_COMMON_BLOCKS = YES;
				GCC_WARN_64_TO_32_BIT_CONVERSION = YES;
				GCC_WARN_ABOUT_RETURN_TYPE = YES_ERROR;
				GCC_WARN_UNDECLARED_SELECTOR = YES;
				GCC_WARN_UNINITIALIZED_AUTOS = YES_AGGRESSIVE;
				GCC_WARN_UNUSED_FUNCTION = YES;
				GCC_WARN_UNUSED_VARIABLE = YES;
				IPHONEOS_DEPLOYMENT_TARGET = 8.4;
				MTL_ENABLE_DEBUG_INFO = NO;
				SDKROOT = iphoneos;
				VALIDATE_PRODUCT = YES;
			};
			name = Release;
		};
		1C72BD8E1BB082AF00D2E92E /* Debug */ = {
			isa = XCBuildConfiguration;
			buildSettings = {
				ASSETCATALOG_COMPILER_APPICON_NAME = AppIcon;
				INFOPLIST_FILE = OpenWeatherAPIDemo/Info.plist;
				LD_RUNPATH_SEARCH_PATHS = "$(inherited) @executable_path/Frameworks";
				PRODUCT_NAME = "$(TARGET_NAME)";
			};
			name = Debug;
		};
		1C72BD8F1BB082AF00D2E92E /* Release */ = {
			isa = XCBuildConfiguration;
			buildSettings = {
				ASSETCATALOG_COMPILER_APPICON_NAME = AppIcon;
				INFOPLIST_FILE = OpenWeatherAPIDemo/Info.plist;
				LD_RUNPATH_SEARCH_PATHS = "$(inherited) @executable_path/Frameworks";
				PRODUCT_NAME = "$(TARGET_NAME)";
			};
			name = Release;
		};
		1C72BD911BB082AF00D2E92E /* Debug */ = {
			isa = XCBuildConfiguration;
			buildSettings = {
				BUNDLE_LOADER = "$(TEST_HOST)";
				FRAMEWORK_SEARCH_PATHS = (
					"$(SDKROOT)/Developer/Library/Frameworks",
					"$(inherited)",
				);
				GCC_PREPROCESSOR_DEFINITIONS = (
					"DEBUG=1",
					"$(inherited)",
				);
				INFOPLIST_FILE = OpenWeatherAPIDemoTests/Info.plist;
				LD_RUNPATH_SEARCH_PATHS = "$(inherited) @executable_path/Frameworks @loader_path/Frameworks";
				PRODUCT_NAME = "$(TARGET_NAME)";
				TEST_HOST = "$(BUILT_PRODUCTS_DIR)/OpenWeatherAPIDemo.app/OpenWeatherAPIDemo";
			};
			name = Debug;
		};
		1C72BD921BB082AF00D2E92E /* Release */ = {
			isa = XCBuildConfiguration;
			buildSettings = {
				BUNDLE_LOADER = "$(TEST_HOST)";
				FRAMEWORK_SEARCH_PATHS = (
					"$(SDKROOT)/Developer/Library/Frameworks",
					"$(inherited)",
				);
				INFOPLIST_FILE = OpenWeatherAPIDemoTests/Info.plist;
				LD_RUNPATH_SEARCH_PATHS = "$(inherited) @executable_path/Frameworks @loader_path/Frameworks";
				PRODUCT_NAME = "$(TARGET_NAME)";
				TEST_HOST = "$(BUILT_PRODUCTS_DIR)/OpenWeatherAPIDemo.app/OpenWeatherAPIDemo";
			};
			name = Release;
		};
/* End XCBuildConfiguration section */

/* Begin XCConfigurationList section */
		1C72BD651BB082AF00D2E92E /* Build configuration list for PBXProject "OpenWeatherAPIDemo" */ = {
			isa = XCConfigurationList;
			buildConfigurations = (
				1C72BD8B1BB082AF00D2E92E /* Debug */,
				1C72BD8C1BB082AF00D2E92E /* Release */,
			);
			defaultConfigurationIsVisible = 0;
			defaultConfigurationName = Release;
		};
		1C72BD8D1BB082AF00D2E92E /* Build configuration list for PBXNativeTarget "OpenWeatherAPIDemo" */ = {
			isa = XCConfigurationList;
			buildConfigurations = (
				1C72BD8E1BB082AF00D2E92E /* Debug */,
				1C72BD8F1BB082AF00D2E92E /* Release */,
			);
			defaultConfigurationIsVisible = 0;
			defaultConfigurationName = Release;
		};
		1C72BD901BB082AF00D2E92E /* Build configuration list for PBXNativeTarget "OpenWeatherAPIDemoTests" */ = {
			isa = XCConfigurationList;
			buildConfigurations = (
				1C72BD911BB082AF00D2E92E /* Debug */,
				1C72BD921BB082AF00D2E92E /* Release */,
			);
			defaultConfigurationIsVisible = 0;
			defaultConfigurationName = Release;
		};
/* End XCConfigurationList section */
	};
	rootObject = 1C72BD621BB082AF00D2E92E /* Project object */;
}
